PODS:
  - AMap3DMap (6.5.0):
    - AMapFoundation (~> 1.5)
  - amap_base (0.1.8):
    - AMapLocation
    - AMapNavi
    - AMapSearch
    - Flutter
    - MJExtension
  - AMapFoundation (1.5.5)
  - AMapLocation (2.6.1):
    - AMapFoundation (~> 1.4)
  - AMapNavi (6.5.0):
    - AMap3DMap (~> 6.4)
    - AMapFoundation (~> 1.5)
  - AMapSearch (6.5.0):
    - AMapFoundation (~> 1.4)
  - connectivity (0.0.1):
    - Flutter
    - Reachability
  - Flutter (1.0.0)
  - flutter_picker (0.0.1):
    - Flutter
  - flutter_statusbar_manager (0.0.1):
    - Flutter
  - fluttertoast (0.0.2):
    - Flutter
  - FMDB (2.7.5):
    - FMDB/standard (= 2.7.5)
  - FMDB/standard (2.7.5)
  - MJExtension (3.0.15.1)
  - path_provider (0.0.1):
    - Flutter
  - Reachability (3.2)
  - shared_preferences (0.0.1):
    - Flutter
  - sqflite (0.0.1):
    - Flutter
    - FMDB (~> 2.7.2)
  - url_launcher (0.0.1):
    - Flutter
  - webview_flutter (0.0.1):
    - Flutter

DEPENDENCIES:
  - amap_base (from `.symlinks/plugins/amap_base/ios`)
  - connectivity (from `.symlinks/plugins/connectivity/ios`)
  - Flutter (from `.symlinks/flutter/ios`)
  - flutter_picker (from `.symlinks/plugins/flutter_picker/ios`)
  - flutter_statusbar_manager (from `.symlinks/plugins/flutter_statusbar_manager/ios`)
  - fluttertoast (from `.symlinks/plugins/fluttertoast/ios`)
  - path_provider (from `.symlinks/plugins/path_provider/ios`)
  - shared_preferences (from `.symlinks/plugins/shared_preferences/ios`)
  - sqflite (from `.symlinks/plugins/sqflite/ios`)
  - url_launcher (from `.symlinks/plugins/url_launcher/ios`)
  - webview_flutter (from `.symlinks/plugins/webview_flutter/ios`)

SPEC REPOS:
  https://github.com/cocoapods/specs.git:
    - AMap3DMap
    - AMapFoundation
    - AMapLocation
    - AMapNavi
    - AMapSearch
    - FMDB
    - MJExtension
    - Reachability

EXTERNAL SOURCES:
  amap_base:
    :path: ".symlinks/plugins/amap_base/ios"
  connectivity:
    :path: ".symlinks/plugins/connectivity/ios"
  Flutter:
    :path: ".symlinks/flutter/ios"
  flutter_picker:
    :path: ".symlinks/plugins/flutter_picker/ios"
  flutter_statusbar_manager:
    :path: ".symlinks/plugins/flutter_statusbar_manager/ios"
  fluttertoast:
    :path: ".symlinks/plugins/fluttertoast/ios"
  path_provider:
    :path: ".symlinks/plugins/path_provider/ios"
  shared_preferences:
    :path: ".symlinks/plugins/shared_preferences/ios"
  sqflite:
    :path: ".symlinks/plugins/sqflite/ios"
  url_launcher:
    :path: ".symlinks/plugins/url_launcher/ios"
  webview_flutter:
    :path: ".symlinks/plugins/webview_flutter/ios"

SPEC CHECKSUMS:
  AMap3DMap: cbe10cc4302ac3f2817ef4221e1259d7e18d1c2f
  amap_base: 00f37acf64d3e55cf7bcdd350a93f2b04d696f6f
  AMapFoundation: 652bd70ba579f48a98bdf0c74d6e62a89a06ca58
  AMapLocation: cf024b53dc03663efb4ea4bcce27d4cce58bb97a
  AMapNavi: b3084406c074bdc2f6f6e80474fa6aa80f4ec0d0
  AMapSearch: c22d8c98e04aad30615834e567781ec1367c4f36
  connectivity: d5992e3758d68b1c4b12d6e012fe0813f1aa1645
  Flutter: 9d0fac939486c9aba2809b7982dfdbb47a7b0296
  flutter_picker: 8cd16302a9806a9789ba6e3ce85558c70c43b7f4
  flutter_statusbar_manager: eb7538441baef19aa0899dc64565bc5befb1e7e1
  fluttertoast: 0a20dcbbb8ecfd1a61b6285651ff2d5989d033fb
  FMDB: 2ce00b547f966261cd18927a3ddb07cb6f3db82a
  MJExtension: 19bc33ce2eee2d319760f5622562cf581a6ff756
  path_provider: 09407919825bfe3c2deae39453b7a5b44f467873
  Reachability: 33e18b67625424e47b6cde6d202dce689ad7af96
  shared_preferences: 5a1d487c427ee18fcd3ea1f2a131569481834b53
  sqflite: d1612813fa7db7c667bed9f1d1b508deffc56999
  url_launcher: 92b89c1029a0373879933c21642958c874539095
  webview_flutter: 9bd234c07e99632356cba112df56fd1d47d6b6e3

PODFILE CHECKSUM: aff02bfeed411c636180d6812254b2daeea14d09

COCOAPODS: 1.5.3
